// !$*UTF8*$!
{
	archiveVersion = 1;
	classes = {
	};
	objectVersion = 56;
	objects = {

/* Begin PBXBuildFile section */
		611722C22BB57DF3006A2415 /* PasswordViewController.swift in Sources */ = {isa = PBXBuildFile; fileRef = 611722C12BB57DF3006A2415 /* PasswordViewController.swift */; };
		611722C52BB57E10006A2415 /* BirthdayViewController.swift in Sources */ = {isa = PBXBuildFile; fileRef = 611722C42BB57E10006A2415 /* BirthdayViewController.swift */; };
		611722C72BB57E22006A2415 /* PhoneViewController.swift in Sources */ = {isa = PBXBuildFile; fileRef = 611722C62BB57E22006A2415 /* PhoneViewController.swift */; };
		611722C92BB57E35006A2415 /* NicknameViewController.swift in Sources */ = {isa = PBXBuildFile; fileRef = 611722C82BB57E35006A2415 /* NicknameViewController.swift */; };
		615E1F352BB57C2900EDCA93 /* AppDelegate.swift in Sources */ = {isa = PBXBuildFile; fileRef = 615E1F342BB57C2900EDCA93 /* AppDelegate.swift */; };
		615E1F372BB57C2900EDCA93 /* SceneDelegate.swift in Sources */ = {isa = PBXBuildFile; fileRef = 615E1F362BB57C2900EDCA93 /* SceneDelegate.swift */; };
		615E1F3C2BB57C2900EDCA93 /* Base in Resources */ = {isa = PBXBuildFile; fileRef = 615E1F3B2BB57C2900EDCA93 /* Base */; };
		615E1F3E2BB57C2A00EDCA93 /* Assets.xcassets in Resources */ = {isa = PBXBuildFile; fileRef = 615E1F3D2BB57C2A00EDCA93 /* Assets.xcassets */; };
		615E1F412BB57C2A00EDCA93 /* Base in Resources */ = {isa = PBXBuildFile; fileRef = 615E1F402BB57C2A00EDCA93 /* Base */; };
		615E1F4A2BB57CCA00EDCA93 /* SignInViewController.swift in Sources */ = {isa = PBXBuildFile; fileRef = 615E1F492BB57CCA00EDCA93 /* SignInViewController.swift */; };
		615E1F4D2BB57CE500EDCA93 /* SnapKit in Frameworks */ = {isa = PBXBuildFile; productRef = 615E1F4C2BB57CE500EDCA93 /* SnapKit */; };
		615E1F502BB57CFA00EDCA93 /* RxCocoa in Frameworks */ = {isa = PBXBuildFile; productRef = 615E1F4F2BB57CFA00EDCA93 /* RxCocoa */; };
		615E1F522BB57CFA00EDCA93 /* RxSwift in Frameworks */ = {isa = PBXBuildFile; productRef = 615E1F512BB57CFA00EDCA93 /* RxSwift */; };
		615E1F552BB57D1500EDCA93 /* PointButton.swift in Sources */ = {isa = PBXBuildFile; fileRef = 615E1F542BB57D1500EDCA93 /* PointButton.swift */; };
		615E1F572BB57D3300EDCA93 /* SignTextField.swift in Sources */ = {isa = PBXBuildFile; fileRef = 615E1F562BB57D3300EDCA93 /* SignTextField.swift */; };
		615E1F5A2BB57D9700EDCA93 /* SignUpViewController.swift in Sources */ = {isa = PBXBuildFile; fileRef = 615E1F592BB57D9700EDCA93 /* SignUpViewController.swift */; };
		615E1F5D2BB57DBB00EDCA93 /* Resource.swift in Sources */ = {isa = PBXBuildFile; fileRef = 615E1F5C2BB57DBB00EDCA93 /* Resource.swift */; };
		619F253D2BBE29A90067F534 /* ShoppingViewModel.swift in Sources */ = {isa = PBXBuildFile; fileRef = 619F253C2BBE29A90067F534 /* ShoppingViewModel.swift */; };
		61BF0BE62BBDD9C900C8AB02 /* ShoppingViewController.swift in Sources */ = {isa = PBXBuildFile; fileRef = 61BF0BE52BBDD9C900C8AB02 /* ShoppingViewController.swift */; };
		61BF0BE82BBDD9F900C8AB02 /* ShoppingView.swift in Sources */ = {isa = PBXBuildFile; fileRef = 61BF0BE72BBDD9F900C8AB02 /* ShoppingView.swift */; };
		61BF0BEA2BBDDB0000C8AB02 /* ShoppingTableViewCell.swift in Sources */ = {isa = PBXBuildFile; fileRef = 61BF0BE92BBDDB0000C8AB02 /* ShoppingTableViewCell.swift */; };
		61BF0BEC2BBDDBF400C8AB02 /* ShoppingItem.swift in Sources */ = {isa = PBXBuildFile; fileRef = 61BF0BEB2BBDDBF400C8AB02 /* ShoppingItem.swift */; };
		61C667C82BBC6B49007F65E9 /* SearchViewController.swift in Sources */ = {isa = PBXBuildFile; fileRef = 61C667C72BBC6B49007F65E9 /* SearchViewController.swift */; };
		61C667CA2BBC6BA0007F65E9 /* SearchTableViewCell.swift in Sources */ = {isa = PBXBuildFile; fileRef = 61C667C92BBC6BA0007F65E9 /* SearchTableViewCell.swift */; };
		61C667CD2BBC707F007F65E9 /* SampleViewController.swift in Sources */ = {isa = PBXBuildFile; fileRef = 61C667CC2BBC707F007F65E9 /* SampleViewController.swift */; };
		61C667CF2BBCDF65007F65E9 /* SampleTableViewCell.swift in Sources */ = {isa = PBXBuildFile; fileRef = 61C667CE2BBCDF65007F65E9 /* SampleTableViewCell.swift */; };
/* End PBXBuildFile section */

/* Begin PBXFileReference section */
		611722C12BB57DF3006A2415 /* PasswordViewController.swift */ = {isa = PBXFileReference; lastKnownFileType = sourcecode.swift; path = PasswordViewController.swift; sourceTree = "<group>"; };
		611722C42BB57E10006A2415 /* BirthdayViewController.swift */ = {isa = PBXFileReference; lastKnownFileType = sourcecode.swift; path = BirthdayViewController.swift; sourceTree = "<group>"; };
		611722C62BB57E22006A2415 /* PhoneViewController.swift */ = {isa = PBXFileReference; lastKnownFileType = sourcecode.swift; path = PhoneViewController.swift; sourceTree = "<group>"; };
		611722C82BB57E35006A2415 /* NicknameViewController.swift */ = {isa = PBXFileReference; lastKnownFileType = sourcecode.swift; path = NicknameViewController.swift; sourceTree = "<group>"; };
		615E1F312BB57C2900EDCA93 /* RxSwiftSignUp.app */ = {isa = PBXFileReference; explicitFileType = wrapper.application; includeInIndex = 0; path = RxSwiftSignUp.app; sourceTree = BUILT_PRODUCTS_DIR; };
		615E1F342BB57C2900EDCA93 /* AppDelegate.swift */ = {isa = PBXFileReference; lastKnownFileType = sourcecode.swift; path = AppDelegate.swift; sourceTree = "<group>"; };
		615E1F362BB57C2900EDCA93 /* SceneDelegate.swift */ = {isa = PBXFileReference; lastKnownFileType = sourcecode.swift; path = SceneDelegate.swift; sourceTree = "<group>"; };
		615E1F3B2BB57C2900EDCA93 /* Base */ = {isa = PBXFileReference; lastKnownFileType = file.storyboard; name = Base; path = Base.lproj/Main.storyboard; sourceTree = "<group>"; };
		615E1F3D2BB57C2A00EDCA93 /* Assets.xcassets */ = {isa = PBXFileReference; lastKnownFileType = folder.assetcatalog; path = Assets.xcassets; sourceTree = "<group>"; };
		615E1F402BB57C2A00EDCA93 /* Base */ = {isa = PBXFileReference; lastKnownFileType = file.storyboard; name = Base; path = Base.lproj/LaunchScreen.storyboard; sourceTree = "<group>"; };
		615E1F422BB57C2A00EDCA93 /* Info.plist */ = {isa = PBXFileReference; lastKnownFileType = text.plist.xml; path = Info.plist; sourceTree = "<group>"; };
		615E1F492BB57CCA00EDCA93 /* SignInViewController.swift */ = {isa = PBXFileReference; lastKnownFileType = sourcecode.swift; path = SignInViewController.swift; sourceTree = "<group>"; };
		615E1F542BB57D1500EDCA93 /* PointButton.swift */ = {isa = PBXFileReference; lastKnownFileType = sourcecode.swift; path = PointButton.swift; sourceTree = "<group>"; };
		615E1F562BB57D3300EDCA93 /* SignTextField.swift */ = {isa = PBXFileReference; lastKnownFileType = sourcecode.swift; path = SignTextField.swift; sourceTree = "<group>"; };
		615E1F592BB57D9700EDCA93 /* SignUpViewController.swift */ = {isa = PBXFileReference; lastKnownFileType = sourcecode.swift; path = SignUpViewController.swift; sourceTree = "<group>"; };
		615E1F5C2BB57DBB00EDCA93 /* Resource.swift */ = {isa = PBXFileReference; lastKnownFileType = sourcecode.swift; path = Resource.swift; sourceTree = "<group>"; };
		619F253C2BBE29A90067F534 /* ShoppingViewModel.swift */ = {isa = PBXFileReference; lastKnownFileType = sourcecode.swift; path = ShoppingViewModel.swift; sourceTree = "<group>"; };
		61BF0BE52BBDD9C900C8AB02 /* ShoppingViewController.swift */ = {isa = PBXFileReference; lastKnownFileType = sourcecode.swift; path = ShoppingViewController.swift; sourceTree = "<group>"; };
		61BF0BE72BBDD9F900C8AB02 /* ShoppingView.swift */ = {isa = PBXFileReference; lastKnownFileType = sourcecode.swift; path = ShoppingView.swift; sourceTree = "<group>"; };
		61BF0BE92BBDDB0000C8AB02 /* ShoppingTableViewCell.swift */ = {isa = PBXFileReference; lastKnownFileType = sourcecode.swift; path = ShoppingTableViewCell.swift; sourceTree = "<group>"; };
		61BF0BEB2BBDDBF400C8AB02 /* ShoppingItem.swift */ = {isa = PBXFileReference; lastKnownFileType = sourcecode.swift; path = ShoppingItem.swift; sourceTree = "<group>"; };
		61C667C72BBC6B49007F65E9 /* SearchViewController.swift */ = {isa = PBXFileReference; lastKnownFileType = sourcecode.swift; path = SearchViewController.swift; sourceTree = "<group>"; };
		61C667C92BBC6BA0007F65E9 /* SearchTableViewCell.swift */ = {isa = PBXFileReference; lastKnownFileType = sourcecode.swift; path = SearchTableViewCell.swift; sourceTree = "<group>"; };
		61C667CC2BBC707F007F65E9 /* SampleViewController.swift */ = {isa = PBXFileReference; lastKnownFileType = sourcecode.swift; path = SampleViewController.swift; sourceTree = "<group>"; };
		61C667CE2BBCDF65007F65E9 /* SampleTableViewCell.swift */ = {isa = PBXFileReference; lastKnownFileType = sourcecode.swift; path = SampleTableViewCell.swift; sourceTree = "<group>"; };
/* End PBXFileReference section */

/* Begin PBXFrameworksBuildPhase section */
		615E1F2E2BB57C2900EDCA93 /* Frameworks */ = {
			isa = PBXFrameworksBuildPhase;
			buildActionMask = 2147483647;
			files = (
				615E1F522BB57CFA00EDCA93 /* RxSwift in Frameworks */,
				615E1F502BB57CFA00EDCA93 /* RxCocoa in Frameworks */,
				615E1F4D2BB57CE500EDCA93 /* SnapKit in Frameworks */,
			);
			runOnlyForDeploymentPostprocessing = 0;
		};
/* End PBXFrameworksBuildPhase section */

/* Begin PBXGroup section */
		611722C32BB57E05006A2415 /* SignUpOptional */ = {
			isa = PBXGroup;
			children = (
				611722C42BB57E10006A2415 /* BirthdayViewController.swift */,
				611722C62BB57E22006A2415 /* PhoneViewController.swift */,
				611722C82BB57E35006A2415 /* NicknameViewController.swift */,
			);
			path = SignUpOptional;
			sourceTree = "<group>";
		};
		615E1F282BB57C2900EDCA93 = {
			isa = PBXGroup;
			children = (
				615E1F332BB57C2900EDCA93 /* RxSwiftSignUp */,
				615E1F322BB57C2900EDCA93 /* Products */,
			);
			sourceTree = "<group>";
		};
		615E1F322BB57C2900EDCA93 /* Products */ = {
			isa = PBXGroup;
			children = (
				615E1F312BB57C2900EDCA93 /* RxSwiftSignUp.app */,
			);
			name = Products;
			sourceTree = "<group>";
		};
		615E1F332BB57C2900EDCA93 /* RxSwiftSignUp */ = {
			isa = PBXGroup;
			children = (
				61BF0BE42BBDD90D00C8AB02 /* Shopping */,
				61C667CB2BBC706E007F65E9 /* Sample */,
				61C667C62BBC6B3D007F65E9 /* Search */,
				611722C32BB57E05006A2415 /* SignUpOptional */,
				615E1F582BB57D8100EDCA93 /* SignUp */,
				615E1F482BB57CBC00EDCA93 /* SignIn */,
				615E1F532BB57D0600EDCA93 /* CustomView */,
				615E1F5B2BB57DAC00EDCA93 /* Resources */,
				615E1F342BB57C2900EDCA93 /* AppDelegate.swift */,
				615E1F362BB57C2900EDCA93 /* SceneDelegate.swift */,
				615E1F3A2BB57C2900EDCA93 /* Main.storyboard */,
				615E1F3D2BB57C2A00EDCA93 /* Assets.xcassets */,
				615E1F3F2BB57C2A00EDCA93 /* LaunchScreen.storyboard */,
				615E1F422BB57C2A00EDCA93 /* Info.plist */,
			);
			path = RxSwiftSignUp;
			sourceTree = "<group>";
		};
		615E1F482BB57CBC00EDCA93 /* SignIn */ = {
			isa = PBXGroup;
			children = (
				615E1F492BB57CCA00EDCA93 /* SignInViewController.swift */,
			);
			path = SignIn;
			sourceTree = "<group>";
		};
		615E1F532BB57D0600EDCA93 /* CustomView */ = {
			isa = PBXGroup;
			children = (
				615E1F542BB57D1500EDCA93 /* PointButton.swift */,
				615E1F562BB57D3300EDCA93 /* SignTextField.swift */,
			);
			path = CustomView;
			sourceTree = "<group>";
		};
		615E1F582BB57D8100EDCA93 /* SignUp */ = {
			isa = PBXGroup;
			children = (
				615E1F592BB57D9700EDCA93 /* SignUpViewController.swift */,
				611722C12BB57DF3006A2415 /* PasswordViewController.swift */,
			);
			path = SignUp;
			sourceTree = "<group>";
		};
		615E1F5B2BB57DAC00EDCA93 /* Resources */ = {
			isa = PBXGroup;
			children = (
				615E1F5C2BB57DBB00EDCA93 /* Resource.swift */,
			);
			path = Resources;
			sourceTree = "<group>";
		};
		61BF0BE42BBDD90D00C8AB02 /* Shopping */ = {
			isa = PBXGroup;
			children = (
				61BF0BE52BBDD9C900C8AB02 /* ShoppingViewController.swift */,
				61BF0BE72BBDD9F900C8AB02 /* ShoppingView.swift */,
				61BF0BE92BBDDB0000C8AB02 /* ShoppingTableViewCell.swift */,
				61BF0BEB2BBDDBF400C8AB02 /* ShoppingItem.swift */,
				619F253C2BBE29A90067F534 /* ShoppingViewModel.swift */,
			);
			path = Shopping;
			sourceTree = "<group>";
		};
		61C667C62BBC6B3D007F65E9 /* Search */ = {
			isa = PBXGroup;
			children = (
				61C667C72BBC6B49007F65E9 /* SearchViewController.swift */,
				61C667C92BBC6BA0007F65E9 /* SearchTableViewCell.swift */,
			);
			path = Search;
			sourceTree = "<group>";
		};
		61C667CB2BBC706E007F65E9 /* Sample */ = {
			isa = PBXGroup;
			children = (
				61C667CC2BBC707F007F65E9 /* SampleViewController.swift */,
				61C667CE2BBCDF65007F65E9 /* SampleTableViewCell.swift */,
			);
			path = Sample;
			sourceTree = "<group>";
		};
/* End PBXGroup section */

/* Begin PBXNativeTarget section */
		615E1F302BB57C2900EDCA93 /* RxSwiftSignUp */ = {
			isa = PBXNativeTarget;
			buildConfigurationList = 615E1F452BB57C2A00EDCA93 /* Build configuration list for PBXNativeTarget "RxSwiftSignUp" */;
			buildPhases = (
				615E1F2D2BB57C2900EDCA93 /* Sources */,
				615E1F2E2BB57C2900EDCA93 /* Frameworks */,
				615E1F2F2BB57C2900EDCA93 /* Resources */,
			);
			buildRules = (
			);
			dependencies = (
			);
			name = RxSwiftSignUp;
			packageProductDependencies = (
				615E1F4C2BB57CE500EDCA93 /* SnapKit */,
				615E1F4F2BB57CFA00EDCA93 /* RxCocoa */,
				615E1F512BB57CFA00EDCA93 /* RxSwift */,
			);
			productName = RxSwiftSignUp;
			productReference = 615E1F312BB57C2900EDCA93 /* RxSwiftSignUp.app */;
			productType = "com.apple.product-type.application";
		};
/* End PBXNativeTarget section */

/* Begin PBXProject section */
		615E1F292BB57C2900EDCA93 /* Project object */ = {
			isa = PBXProject;
			attributes = {
				BuildIndependentTargetsInParallel = 1;
				LastSwiftUpdateCheck = 1530;
				LastUpgradeCheck = 1530;
				TargetAttributes = {
					615E1F302BB57C2900EDCA93 = {
						CreatedOnToolsVersion = 15.3;
					};
				};
			};
			buildConfigurationList = 615E1F2C2BB57C2900EDCA93 /* Build configuration list for PBXProject "RxSwiftSignUp" */;
			compatibilityVersion = "Xcode 14.0";
			developmentRegion = en;
			hasScannedForEncodings = 0;
			knownRegions = (
				en,
				Base,
			);
			mainGroup = 615E1F282BB57C2900EDCA93;
			packageReferences = (
				615E1F4B2BB57CE500EDCA93 /* XCRemoteSwiftPackageReference "SnapKit" */,
				615E1F4E2BB57CFA00EDCA93 /* XCRemoteSwiftPackageReference "RxSwift" */,
			);
			productRefGroup = 615E1F322BB57C2900EDCA93 /* Products */;
			projectDirPath = "";
			projectRoot = "";
			targets = (
				615E1F302BB57C2900EDCA93 /* RxSwiftSignUp */,
			);
		};
/* End PBXProject section */

/* Begin PBXResourcesBuildPhase section */
		615E1F2F2BB57C2900EDCA93 /* Resources */ = {
			isa = PBXResourcesBuildPhase;
			buildActionMask = 2147483647;
			files = (
				615E1F3E2BB57C2A00EDCA93 /* Assets.xcassets in Resources */,
				615E1F412BB57C2A00EDCA93 /* Base in Resources */,
				615E1F3C2BB57C2900EDCA93 /* Base in Resources */,
			);
			runOnlyForDeploymentPostprocessing = 0;
		};
/* End PBXResourcesBuildPhase section */

/* Begin PBXSourcesBuildPhase section */
		615E1F2D2BB57C2900EDCA93 /* Sources */ = {
			isa = PBXSourcesBuildPhase;
			buildActionMask = 2147483647;
			files = (
				615E1F4A2BB57CCA00EDCA93 /* SignInViewController.swift in Sources */,
				615E1F5D2BB57DBB00EDCA93 /* Resource.swift in Sources */,
				619F253D2BBE29A90067F534 /* ShoppingViewModel.swift in Sources */,
				615E1F5A2BB57D9700EDCA93 /* SignUpViewController.swift in Sources */,
				611722C92BB57E35006A2415 /* NicknameViewController.swift in Sources */,
				615E1F352BB57C2900EDCA93 /* AppDelegate.swift in Sources */,
				611722C52BB57E10006A2415 /* BirthdayViewController.swift in Sources */,
				61C667CD2BBC707F007F65E9 /* SampleViewController.swift in Sources */,
				61BF0BE82BBDD9F900C8AB02 /* ShoppingView.swift in Sources */,
				61C667CF2BBCDF65007F65E9 /* SampleTableViewCell.swift in Sources */,
				61C667C82BBC6B49007F65E9 /* SearchViewController.swift in Sources */,
				615E1F372BB57C2900EDCA93 /* SceneDelegate.swift in Sources */,
				61BF0BEC2BBDDBF400C8AB02 /* ShoppingItem.swift in Sources */,
				61C667CA2BBC6BA0007F65E9 /* SearchTableViewCell.swift in Sources */,
				615E1F572BB57D3300EDCA93 /* SignTextField.swift in Sources */,
				61BF0BEA2BBDDB0000C8AB02 /* ShoppingTableViewCell.swift in Sources */,
				611722C72BB57E22006A2415 /* PhoneViewController.swift in Sources */,
				615E1F552BB57D1500EDCA93 /* PointButton.swift in Sources */,
				61BF0BE62BBDD9C900C8AB02 /* ShoppingViewController.swift in Sources */,
				611722C22BB57DF3006A2415 /* PasswordViewController.swift in Sources */,
			);
			runOnlyForDeploymentPostprocessing = 0;
		};
/* End PBXSourcesBuildPhase section */

/* Begin PBXVariantGroup section */
		615E1F3A2BB57C2900EDCA93 /* Main.storyboard */ = {
			isa = PBXVariantGroup;
			children = (
				615E1F3B2BB57C2900EDCA93 /* Base */,
			);
			name = Main.storyboard;
			sourceTree = "<group>";
		};
		615E1F3F2BB57C2A00EDCA93 /* LaunchScreen.storyboard */ = {
			isa = PBXVariantGroup;
			children = (
				615E1F402BB57C2A00EDCA93 /* Base */,
			);
			name = LaunchScreen.storyboard;
			sourceTree = "<group>";
		};
/* End PBXVariantGroup section */

/* Begin XCBuildConfiguration section */
		615E1F432BB57C2A00EDCA93 /* Debug */ = {
			isa = XCBuildConfiguration;
			buildSettings = {
				ALWAYS_SEARCH_USER_PATHS = NO;
				ASSETCATALOG_COMPILER_GENERATE_SWIFT_ASSET_SYMBOL_EXTENSIONS = YES;
				CLANG_ANALYZER_NONNULL = YES;
				CLANG_ANALYZER_NUMBER_OBJECT_CONVERSION = YES_AGGRESSIVE;
				CLANG_CXX_LANGUAGE_STANDARD = "gnu++20";
				CLANG_ENABLE_MODULES = YES;
				CLANG_ENABLE_OBJC_ARC = YES;
				CLANG_ENABLE_OBJC_WEAK = YES;
				CLANG_WARN_BLOCK_CAPTURE_AUTORELEASING = YES;
				CLANG_WARN_BOOL_CONVERSION = YES;
				CLANG_WARN_COMMA = YES;
				CLANG_WARN_CONSTANT_CONVERSION = YES;
				CLANG_WARN_DEPRECATED_OBJC_IMPLEMENTATIONS = YES;
				CLANG_WARN_DIRECT_OBJC_ISA_USAGE = YES_ERROR;
				CLANG_WARN_DOCUMENTATION_COMMENTS = YES;
				CLANG_WARN_EMPTY_BODY = YES;
				CLANG_WARN_ENUM_CONVERSION = YES;
				CLANG_WARN_INFINITE_RECURSION = YES;
				CLANG_WARN_INT_CONVERSION = YES;
				CLANG_WARN_NON_LITERAL_NULL_CONVERSION = YES;
				CLANG_WARN_OBJC_IMPLICIT_RETAIN_SELF = YES;
				CLANG_WARN_OBJC_LITERAL_CONVERSION = YES;
				CLANG_WARN_OBJC_ROOT_CLASS = YES_ERROR;
				CLANG_WARN_QUOTED_INCLUDE_IN_FRAMEWORK_HEADER = YES;
				CLANG_WARN_RANGE_LOOP_ANALYSIS = YES;
				CLANG_WARN_STRICT_PROTOTYPES = YES;
				CLANG_WARN_SUSPICIOUS_MOVE = YES;
				CLANG_WARN_UNGUARDED_AVAILABILITY = YES_AGGRESSIVE;
				CLANG_WARN_UNREACHABLE_CODE = YES;
				CLANG_WARN__DUPLICATE_METHOD_MATCH = YES;
				COPY_PHASE_STRIP = NO;
				DEBUG_INFORMATION_FORMAT = dwarf;
				ENABLE_STRICT_OBJC_MSGSEND = YES;
				ENABLE_TESTABILITY = YES;
				ENABLE_USER_SCRIPT_SANDBOXING = YES;
				GCC_C_LANGUAGE_STANDARD = gnu17;
				GCC_DYNAMIC_NO_PIC = NO;
				GCC_NO_COMMON_BLOCKS = YES;
				GCC_OPTIMIZATION_LEVEL = 0;
				GCC_PREPROCESSOR_DEFINITIONS = (
					"DEBUG=1",
					"$(inherited)",
				);
				GCC_WARN_64_TO_32_BIT_CONVERSION = YES;
				GCC_WARN_ABOUT_RETURN_TYPE = YES_ERROR;
				GCC_WARN_UNDECLARED_SELECTOR = YES;
				GCC_WARN_UNINITIALIZED_AUTOS = YES_AGGRESSIVE;
				GCC_WARN_UNUSED_FUNCTION = YES;
				GCC_WARN_UNUSED_VARIABLE = YES;
				IPHONEOS_DEPLOYMENT_TARGET = 17.4;
				LOCALIZATION_PREFERS_STRING_CATALOGS = YES;
				MTL_ENABLE_DEBUG_INFO = INCLUDE_SOURCE;
				MTL_FAST_MATH = YES;
				ONLY_ACTIVE_ARCH = YES;
				SDKROOT = iphoneos;
				SWIFT_ACTIVE_COMPILATION_CONDITIONS = "DEBUG $(inherited)";
				SWIFT_OPTIMIZATION_LEVEL = "-Onone";
			};
			name = Debug;
		};
		615E1F442BB57C2A00EDCA93 /* Release */ = {
			isa = XCBuildConfiguration;
			buildSettings = {
				ALWAYS_SEARCH_USER_PATHS = NO;
				ASSETCATALOG_COMPILER_GENERATE_SWIFT_ASSET_SYMBOL_EXTENSIONS = YES;
				CLANG_ANALYZER_NONNULL = YES;
				CLANG_ANALYZER_NUMBER_OBJECT_CONVERSION = YES_AGGRESSIVE;
				CLANG_CXX_LANGUAGE_STANDARD = "gnu++20";
				CLANG_ENABLE_MODULES = YES;
				CLANG_ENABLE_OBJC_ARC = YES;
				CLANG_ENABLE_OBJC_WEAK = YES;
				CLANG_WARN_BLOCK_CAPTURE_AUTORELEASING = YES;
				CLANG_WARN_BOOL_CONVERSION = YES;
				CLANG_WARN_COMMA = YES;
				CLANG_WARN_CONSTANT_CONVERSION = YES;
				CLANG_WARN_DEPRECATED_OBJC_IMPLEMENTATIONS = YES;
				CLANG_WARN_DIRECT_OBJC_ISA_USAGE = YES_ERROR;
				CLANG_WARN_DOCUMENTATION_COMMENTS = YES;
				CLANG_WARN_EMPTY_BODY = YES;
				CLANG_WARN_ENUM_CONVERSION = YES;
				CLANG_WARN_INFINITE_RECURSION = YES;
				CLANG_WARN_INT_CONVERSION = YES;
				CLANG_WARN_NON_LITERAL_NULL_CONVERSION = YES;
				CLANG_WARN_OBJC_IMPLICIT_RETAIN_SELF = YES;
				CLANG_WARN_OBJC_LITERAL_CONVERSION = YES;
				CLANG_WARN_OBJC_ROOT_CLASS = YES_ERROR;
				CLANG_WARN_QUOTED_INCLUDE_IN_FRAMEWORK_HEADER = YES;
				CLANG_WARN_RANGE_LOOP_ANALYSIS = YES;
				CLANG_WARN_STRICT_PROTOTYPES = YES;
				CLANG_WARN_SUSPICIOUS_MOVE = YES;
				CLANG_WARN_UNGUARDED_AVAILABILITY = YES_AGGRESSIVE;
				CLANG_WARN_UNREACHABLE_CODE = YES;
				CLANG_WARN__DUPLICATE_METHOD_MATCH = YES;
				COPY_PHASE_STRIP = NO;
				DEBUG_INFORMATION_FORMAT = "dwarf-with-dsym";
				ENABLE_NS_ASSERTIONS = NO;
				ENABLE_STRICT_OBJC_MSGSEND = YES;
				ENABLE_USER_SCRIPT_SANDBOXING = YES;
				GCC_C_LANGUAGE_STANDARD = gnu17;
				GCC_NO_COMMON_BLOCKS = YES;
				GCC_WARN_64_TO_32_BIT_CONVERSION = YES;
				GCC_WARN_ABOUT_RETURN_TYPE = YES_ERROR;
				GCC_WARN_UNDECLARED_SELECTOR = YES;
				GCC_WARN_UNINITIALIZED_AUTOS = YES_AGGRESSIVE;
				GCC_WARN_UNUSED_FUNCTION = YES;
				GCC_WARN_UNUSED_VARIABLE = YES;
				IPHONEOS_DEPLOYMENT_TARGET = 17.4;
				LOCALIZATION_PREFERS_STRING_CATALOGS = YES;
				MTL_ENABLE_DEBUG_INFO = NO;
				MTL_FAST_MATH = YES;
				SDKROOT = iphoneos;
				SWIFT_COMPILATION_MODE = wholemodule;
				VALIDATE_PRODUCT = YES;
			};
			name = Release;
		};
		615E1F462BB57C2A00EDCA93 /* Debug */ = {
			isa = XCBuildConfiguration;
			buildSettings = {
				ASSETCATALOG_COMPILER_APPICON_NAME = AppIcon;
				ASSETCATALOG_COMPILER_GLOBAL_ACCENT_COLOR_NAME = AccentColor;
				CODE_SIGN_STYLE = Automatic;
				CURRENT_PROJECT_VERSION = 1;
				DEVELOPMENT_TEAM = T2Q8P9627P;
				GENERATE_INFOPLIST_FILE = YES;
				INFOPLIST_FILE = RxSwiftSignUp/Info.plist;
				INFOPLIST_KEY_UIApplicationSupportsIndirectInputEvents = YES;
				INFOPLIST_KEY_UILaunchStoryboardName = LaunchScreen;
				INFOPLIST_KEY_UIMainStoryboardFile = Main;
				INFOPLIST_KEY_UISupportedInterfaceOrientations = UIInterfaceOrientationPortrait;
				INFOPLIST_KEY_UISupportedInterfaceOrientations_iPad = "UIInterfaceOrientationLandscapeLeft UIInterfaceOrientationLandscapeRight UIInterfaceOrientationPortrait UIInterfaceOrientationPortraitUpsideDown";
				LD_RUNPATH_SEARCH_PATHS = (
					"$(inherited)",
					"@executable_path/Frameworks",
				);
				MARKETING_VERSION = 1.0;
				PRODUCT_BUNDLE_IDENTIFIER = com.yuz.RxSwiftSignUp;
				PRODUCT_NAME = "$(TARGET_NAME)";
				SUPPORTED_PLATFORMS = "iphoneos iphonesimulator";
				SUPPORTS_MACCATALYST = NO;
				SUPPORTS_MAC_DESIGNED_FOR_IPHONE_IPAD = NO;
				SUPPORTS_XR_DESIGNED_FOR_IPHONE_IPAD = NO;
				SWIFT_EMIT_LOC_STRINGS = YES;
				SWIFT_VERSION = 5.0;
				TARGETED_DEVICE_FAMILY = 1;
			};
			name = Debug;
		};
		615E1F472BB57C2A00EDCA93 /* Release */ = {
			isa = XCBuildConfiguration;
			buildSettings = {
				ASSETCATALOG_COMPILER_APPICON_NAME = AppIcon;
				ASSETCATALOG_COMPILER_GLOBAL_ACCENT_COLOR_NAME = AccentColor;
				CODE_SIGN_STYLE = Automatic;
				CURRENT_PROJECT_VERSION = 1;
				DEVELOPMENT_TEAM = T2Q8P9627P;
				GENERATE_INFOPLIST_FILE = YES;
				INFOPLIST_FILE = RxSwiftSignUp/Info.plist;
				INFOPLIST_KEY_UIApplicationSupportsIndirectInputEvents = YES;
				INFOPLIST_KEY_UILaunchStoryboardName = LaunchScreen;
				INFOPLIST_KEY_UIMainStoryboardFile = Main;
				INFOPLIST_KEY_UISupportedInterfaceOrientations = UIInterfaceOrientationPortrait;
				INFOPLIST_KEY_UISupportedInterfaceOrientations_iPad = "UIInterfaceOrientationLandscapeLeft UIInterfaceOrientationLandscapeRight UIInterfaceOrientationPortrait UIInterfaceOrientationPortraitUpsideDown";
				LD_RUNPATH_SEARCH_PATHS = (
					"$(inherited)",
					"@executable_path/Frameworks",
				);
				MARKETING_VERSION = 1.0;
				PRODUCT_BUNDLE_IDENTIFIER = com.yuz.RxSwiftSignUp;
				PRODUCT_NAME = "$(TARGET_NAME)";
				SUPPORTED_PLATFORMS = "iphoneos iphonesimulator";
				SUPPORTS_MACCATALYST = NO;
				SUPPORTS_MAC_DESIGNED_FOR_IPHONE_IPAD = NO;
				SUPPORTS_XR_DESIGNED_FOR_IPHONE_IPAD = NO;
				SWIFT_EMIT_LOC_STRINGS = YES;
				SWIFT_VERSION = 5.0;
				TARGETED_DEVICE_FAMILY = 1;
			};
			name = Release;
		};
/* End XCBuildConfiguration section */

/* Begin XCConfigurationList section */
		615E1F2C2BB57C2900EDCA93 /* Build configuration list for PBXProject "RxSwiftSignUp" */ = {
			isa = XCConfigurationList;
			buildConfigurations = (
				615E1F432BB57C2A00EDCA93 /* Debug */,
				615E1F442BB57C2A00EDCA93 /* Release */,
			);
			defaultConfigurationIsVisible = 0;
			defaultConfigurationName = Release;
		};
		615E1F452BB57C2A00EDCA93 /* Build configuration list for PBXNativeTarget "RxSwiftSignUp" */ = {
			isa = XCConfigurationList;
			buildConfigurations = (
				615E1F462BB57C2A00EDCA93 /* Debug */,
				615E1F472BB57C2A00EDCA93 /* Release */,
			);
			defaultConfigurationIsVisible = 0;
			defaultConfigurationName = Release;
		};
/* End XCConfigurationList section */

/* Begin XCRemoteSwiftPackageReference section */
		615E1F4B2BB57CE500EDCA93 /* XCRemoteSwiftPackageReference "SnapKit" */ = {
			isa = XCRemoteSwiftPackageReference;
			repositoryURL = "https://github.com/SnapKit/SnapKit";
			requirement = {
				kind = upToNextMajorVersion;
				minimumVersion = 5.7.1;
			};
		};
		615E1F4E2BB57CFA00EDCA93 /* XCRemoteSwiftPackageReference "RxSwift" */ = {
			isa = XCRemoteSwiftPackageReference;
			repositoryURL = "https://github.com/ReactiveX/RxSwift";
			requirement = {
				kind = upToNextMajorVersion;
				minimumVersion = 6.6.0;
			};
		};
/* End XCRemoteSwiftPackageReference section */

/* Begin XCSwiftPackageProductDependency section */
		615E1F4C2BB57CE500EDCA93 /* SnapKit */ = {
			isa = XCSwiftPackageProductDependency;
			package = 615E1F4B2BB57CE500EDCA93 /* XCRemoteSwiftPackageReference "SnapKit" */;
			productName = SnapKit;
		};
		615E1F4F2BB57CFA00EDCA93 /* RxCocoa */ = {
			isa = XCSwiftPackageProductDependency;
			package = 615E1F4E2BB57CFA00EDCA93 /* XCRemoteSwiftPackageReference "RxSwift" */;
			productName = RxCocoa;
		};
		615E1F512BB57CFA00EDCA93 /* RxSwift */ = {
			isa = XCSwiftPackageProductDependency;
			package = 615E1F4E2BB57CFA00EDCA93 /* XCRemoteSwiftPackageReference "RxSwift" */;
			productName = RxSwift;
		};
/* End XCSwiftPackageProductDependency section */
	};
	rootObject = 615E1F292BB57C2900EDCA93 /* Project object */;
}
